// !$*UTF8*$!
{
	archiveVersion = 1;
	classes = {
	};
	objectVersion = 55;
	objects = {

/* Begin PBXBuildFile section */
		4514971027479085005CEAB2 /* AppDelegate.swift in Sources */ = {isa = PBXBuildFile; fileRef = 4514970F27479085005CEAB2 /* AppDelegate.swift */; };
		4514971227479085005CEAB2 /* SceneDelegate.swift in Sources */ = {isa = PBXBuildFile; fileRef = 4514971127479085005CEAB2 /* SceneDelegate.swift */; };
		4514971427479085005CEAB2 /* ViewController.swift in Sources */ = {isa = PBXBuildFile; fileRef = 4514971327479085005CEAB2 /* ViewController.swift */; };
		4514971727479085005CEAB2 /* Main.storyboard in Resources */ = {isa = PBXBuildFile; fileRef = 4514971527479085005CEAB2 /* Main.storyboard */; };
		4514971927479086005CEAB2 /* Assets.xcassets in Resources */ = {isa = PBXBuildFile; fileRef = 4514971827479086005CEAB2 /* Assets.xcassets */; };
		4514971C27479086005CEAB2 /* LaunchScreen.storyboard in Resources */ = {isa = PBXBuildFile; fileRef = 4514971A27479086005CEAB2 /* LaunchScreen.storyboard */; };
		451497242747909D005CEAB2 /* UILabel+SetAttributedText.swift in Sources */ = {isa = PBXBuildFile; fileRef = 451497232747909D005CEAB2 /* UILabel+SetAttributedText.swift */; };
		45149727274790D6005CEAB2 /* StringProtocol+NSRange.swift in Sources */ = {isa = PBXBuildFile; fileRef = 45149726274790D6005CEAB2 /* StringProtocol+NSRange.swift */; };
/* End PBXBuildFile section */

/* Begin PBXFileReference section */
		4514970C27479085005CEAB2 /* UILabelAttributedTextHelper.app */ = {isa = PBXFileReference; explicitFileType = wrapper.application; includeInIndex = 0; path = UILabelAttributedTextHelper.app; sourceTree = BUILT_PRODUCTS_DIR; };
		4514970F27479085005CEAB2 /* AppDelegate.swift */ = {isa = PBXFileReference; lastKnownFileType = sourcecode.swift; path = AppDelegate.swift; sourceTree = "<group>"; };
		4514971127479085005CEAB2 /* SceneDelegate.swift */ = {isa = PBXFileReference; lastKnownFileType = sourcecode.swift; path = SceneDelegate.swift; sourceTree = "<group>"; };
		4514971327479085005CEAB2 /* ViewController.swift */ = {isa = PBXFileReference; lastKnownFileType = sourcecode.swift; path = ViewController.swift; sourceTree = "<group>"; };
		4514971627479085005CEAB2 /* Base */ = {isa = PBXFileReference; lastKnownFileType = file.storyboard; name = Base; path = Base.lproj/Main.storyboard; sourceTree = "<group>"; };
		4514971827479086005CEAB2 /* Assets.xcassets */ = {isa = PBXFileReference; lastKnownFileType = folder.assetcatalog; path = Assets.xcassets; sourceTree = "<group>"; };
		4514971B27479086005CEAB2 /* Base */ = {isa = PBXFileReference; lastKnownFileType = file.storyboard; name = Base; path = Base.lproj/LaunchScreen.storyboard; sourceTree = "<group>"; };
		4514971D27479086005CEAB2 /* Info.plist */ = {isa = PBXFileReference; lastKnownFileType = text.plist.xml; path = Info.plist; sourceTree = "<group>"; };
		451497232747909D005CEAB2 /* UILabel+SetAttributedText.swift */ = {isa = PBXFileReference; lastKnownFileType = sourcecode.swift; path = "UILabel+SetAttributedText.swift"; sourceTree = "<group>"; };
		45149726274790D6005CEAB2 /* StringProtocol+NSRange.swift */ = {isa = PBXFileReference; lastKnownFileType = sourcecode.swift; path = "StringProtocol+NSRange.swift"; sourceTree = "<group>"; };
/* End PBXFileReference section */

/* Begin PBXFrameworksBuildPhase section */
		4514970927479085005CEAB2 /* Frameworks */ = {
			isa = PBXFrameworksBuildPhase;
			buildActionMask = 2147483647;
			files = (
			);
			runOnlyForDeploymentPostprocessing = 0;
		};
/* End PBXFrameworksBuildPhase section */

/* Begin PBXGroup section */
		4514970327479085005CEAB2 = {
			isa = PBXGroup;
			children = (
				4514970E27479085005CEAB2 /* UILabelAttributedTextHelper */,
				4514970D27479085005CEAB2 /* Products */,
			);
			sourceTree = "<group>";
		};
		4514970D27479085005CEAB2 /* Products */ = {
			isa = PBXGroup;
			children = (
				4514970C27479085005CEAB2 /* UILabelAttributedTextHelper.app */,
			);
			name = Products;
			sourceTree = "<group>";
		};
		4514970E27479085005CEAB2 /* UILabelAttributedTextHelper */ = {
			isa = PBXGroup;
			children = (
				45149725274790A0005CEAB2 /* Source */,
				4514970F27479085005CEAB2 /* AppDelegate.swift */,
				4514971127479085005CEAB2 /* SceneDelegate.swift */,
				4514971327479085005CEAB2 /* ViewController.swift */,
				4514971527479085005CEAB2 /* Main.storyboard */,
				4514971827479086005CEAB2 /* Assets.xcassets */,
				4514971A27479086005CEAB2 /* LaunchScreen.storyboard */,
				4514971D27479086005CEAB2 /* Info.plist */,
			);
			path = UILabelAttributedTextHelper;
			sourceTree = "<group>";
		};
		45149725274790A0005CEAB2 /* Source */ = {
			isa = PBXGroup;
			children = (
				451497232747909D005CEAB2 /* UILabel+SetAttributedText.swift */,
				45149726274790D6005CEAB2 /* StringProtocol+NSRange.swift */,
			);
			path = Source;
			sourceTree = "<group>";
		};
/* End PBXGroup section */

/* Begin PBXNativeTarget section */
		4514970B27479085005CEAB2 /* UILabelAttributedTextHelper */ = {
			isa = PBXNativeTarget;
			buildConfigurationList = 4514972027479086005CEAB2 /* Build configuration list for PBXNativeTarget "UILabelAttributedTextHelper" */;
			buildPhases = (
				4514970827479085005CEAB2 /* Sources */,
				4514970927479085005CEAB2 /* Frameworks */,
				4514970A27479085005CEAB2 /* Resources */,
			);
			buildRules = (
			);
			dependencies = (
			);
			name = UILabelAttributedTextHelper;
			productName = UILabelAttributedTextHelper;
			productReference = 4514970C27479085005CEAB2 /* UILabelAttributedTextHelper.app */;
			productType = "com.apple.product-type.application";
		};
/* End PBXNativeTarget section */

/* Begin PBXProject section */
		4514970427479085005CEAB2 /* Project object */ = {
			isa = PBXProject;
			attributes = {
				BuildIndependentTargetsInParallel = 1;
				LastSwiftUpdateCheck = 1310;
				LastUpgradeCheck = 1310;
				TargetAttributes = {
					4514970B27479085005CEAB2 = {
						CreatedOnToolsVersion = 13.1;
					};
				};
			};
			buildConfigurationList = 4514970727479085005CEAB2 /* Build configuration list for PBXProject "UILabelAttributedTextHelper" */;
			compatibilityVersion = "Xcode 13.0";
			developmentRegion = en;
			hasScannedForEncodings = 0;
			knownRegions = (
				en,
				Base,
			);
			mainGroup = 4514970327479085005CEAB2;
			productRefGroup = 4514970D27479085005CEAB2 /* Products */;
			projectDirPath = "";
			projectRoot = "";
			targets = (
				4514970B27479085005CEAB2 /* UILabelAttributedTextHelper */,
			);
		};
/* End PBXProject section */

/* Begin PBXResourcesBuildPhase section */
		4514970A27479085005CEAB2 /* Resources */ = {
			isa = PBXResourcesBuildPhase;
			buildActionMask = 2147483647;
			files = (
				4514971C27479086005CEAB2 /* LaunchScreen.storyboard in Resources */,
				4514971927479086005CEAB2 /* Assets.xcassets in Resources */,
				4514971727479085005CEAB2 /* Main.storyboard in Resources */,
			);
			runOnlyForDeploymentPostprocessing = 0;
		};
/* End PBXResourcesBuildPhase section */

/* Begin PBXSourcesBuildPhase section */
		4514970827479085005CEAB2 /* Sources */ = {
			isa = PBXSourcesBuildPhase;
			buildActionMask = 2147483647;
			files = (
				451497242747909D005CEAB2 /* UILabel+SetAttributedText.swift in Sources */,
				4514971427479085005CEAB2 /* ViewController.swift in Sources */,
				4514971027479085005CEAB2 /* AppDelegate.swift in Sources */,
				45149727274790D6005CEAB2 /* StringProtocol+NSRange.swift in Sources */,
				4514971227479085005CEAB2 /* SceneDelegate.swift in Sources */,
			);
			runOnlyForDeploymentPostprocessing = 0;
		};
/* End PBXSourcesBuildPhase section */

/* Begin PBXVariantGroup section */
		4514971527479085005CEAB2 /* Main.storyboard */ = {
			isa = PBXVariantGroup;
			children = (
				4514971627479085005CEAB2 /* Base */,
			);
			name = Main.storyboard;
			sourceTree = "<group>";
		};
		4514971A27479086005CEAB2 /* LaunchScreen.storyboard */ = {
			isa = PBXVariantGroup;
			children = (
				4514971B27479086005CEAB2 /* Base */,
			);
			name = LaunchScreen.storyboard;
			sourceTree = "<group>";
		};
/* End PBXVariantGroup section */

/* Begin XCBuildConfiguration section */
		4514971E27479086005CEAB2 /* Debug */ = {
			isa = XCBuildConfiguration;
			buildSettings = {
				ALWAYS_SEARCH_USER_PATHS = NO;
				CLANG_ANALYZER_NONNULL = YES;
				CLANG_ANALYZER_NUMBER_OBJECT_CONVERSION = YES_AGGRESSIVE;
				CLANG_CXX_LANGUAGE_STANDARD = "gnu++17";
				CLANG_CXX_LIBRARY = "libc++";
				CLANG_ENABLE_MODULES = YES;
				CLANG_ENABLE_OBJC_ARC = YES;
				CLANG_ENABLE_OBJC_WEAK = YES;
				CLANG_WARN_BLOCK_CAPTURE_AUTORELEASING = YES;
				CLANG_WARN_BOOL_CONVERSION = YES;
				CLANG_WARN_COMMA = YES;
				CLANG_WARN_CONSTANT_CONVERSION = YES;
				CLANG_WARN_DEPRECATED_OBJC_IMPLEMENTATIONS = YES;
				CLANG_WARN_DIRECT_OBJC_ISA_USAGE = YES_ERROR;
				CLANG_WARN_DOCUMENTATION_COMMENTS = YES;
				CLANG_WARN_EMPTY_BODY = YES;
				CLANG_WARN_ENUM_CONVERSION = YES;
				CLANG_WARN_INFINITE_RECURSION = YES;
				CLANG_WARN_INT_CONVERSION = YES;
				CLANG_WARN_NON_LITERAL_NULL_CONVERSION = YES;
				CLANG_WARN_OBJC_IMPLICIT_RETAIN_SELF = YES;
				CLANG_WARN_OBJC_LITERAL_CONVERSION = YES;
				CLANG_WARN_OBJC_ROOT_CLASS = YES_ERROR;
				CLANG_WARN_QUOTED_INCLUDE_IN_FRAMEWORK_HEADER = YES;
				CLANG_WARN_RANGE_LOOP_ANALYSIS = YES;
				CLANG_WARN_STRICT_PROTOTYPES = YES;
				CLANG_WARN_SUSPICIOUS_MOVE = YES;
				CLANG_WARN_UNGUARDED_AVAILABILITY = YES_AGGRESSIVE;
				CLANG_WARN_UNREACHABLE_CODE = YES;
				CLANG_WARN__DUPLICATE_METHOD_MATCH = YES;
				COPY_PHASE_STRIP = NO;
				DEBUG_INFORMATION_FORMAT = dwarf;
				ENABLE_STRICT_OBJC_MSGSEND = YES;
				ENABLE_TESTABILITY = YES;
				GCC_C_LANGUAGE_STANDARD = gnu11;
				GCC_DYNAMIC_NO_PIC = NO;
				GCC_NO_COMMON_BLOCKS = YES;
				GCC_OPTIMIZATION_LEVEL = 0;
				GCC_PREPROCESSOR_DEFINITIONS = (
					"DEBUG=1",
					"$(inherited)",
				);
				GCC_WARN_64_TO_32_BIT_CONVERSION = YES;
				GCC_WARN_ABOUT_RETURN_TYPE = YES_ERROR;
				GCC_WARN_UNDECLARED_SELECTOR = YES;
				GCC_WARN_UNINITIALIZED_AUTOS = YES_AGGRESSIVE;
				GCC_WARN_UNUSED_FUNCTION = YES;
				GCC_WARN_UNUSED_VARIABLE = YES;
				IPHONEOS_DEPLOYMENT_TARGET = 15.0;
				MTL_ENABLE_DEBUG_INFO = INCLUDE_SOURCE;
				MTL_FAST_MATH = YES;
				ONLY_ACTIVE_ARCH = YES;
				SDKROOT = iphoneos;
				SWIFT_ACTIVE_COMPILATION_CONDITIONS = DEBUG;
				SWIFT_OPTIMIZATION_LEVEL = "-Onone";
			};
			name = Debug;
		};
		4514971F27479086005CEAB2 /* Release */ = {
			isa = XCBuildConfiguration;
			buildSettings = {
				ALWAYS_SEARCH_USER_PATHS = NO;
				CLANG_ANALYZER_NONNULL = YES;
				CLANG_ANALYZER_NUMBER_OBJECT_CONVERSION = YES_AGGRESSIVE;
				CLANG_CXX_LANGUAGE_STANDARD = "gnu++17";
				CLANG_CXX_LIBRARY = "libc++";
				CLANG_ENABLE_MODULES = YES;
				CLANG_ENABLE_OBJC_ARC = YES;
				CLANG_ENABLE_OBJC_WEAK = YES;
				CLANG_WARN_BLOCK_CAPTURE_AUTORELEASING = YES;
				CLANG_WARN_BOOL_CONVERSION = YES;
				CLANG_WARN_COMMA = YES;
				CLANG_WARN_CONSTANT_CONVERSION = YES;
				CLANG_WARN_DEPRECATED_OBJC_IMPLEMENTATIONS = YES;
				CLANG_WARN_DIRECT_OBJC_ISA_USAGE = YES_ERROR;
				CLANG_WARN_DOCUMENTATION_COMMENTS = YES;
				CLANG_WARN_EMPTY_BODY = YES;
				CLANG_WARN_ENUM_CONVERSION = YES;
				CLANG_WARN_INFINITE_RECURSION = YES;
				CLANG_WARN_INT_CONVERSION = YES;
				CLANG_WARN_NON_LITERAL_NULL_CONVERSION = YES;
				CLANG_WARN_OBJC_IMPLICIT_RETAIN_SELF = YES;
				CLANG_WARN_OBJC_LITERAL_CONVERSION = YES;
				CLANG_WARN_OBJC_ROOT_CLASS = YES_ERROR;
				CLANG_WARN_QUOTED_INCLUDE_IN_FRAMEWORK_HEADER = YES;
				CLANG_WARN_RANGE_LOOP_ANALYSIS = YES;
				CLANG_WARN_STRICT_PROTOTYPES = YES;
				CLANG_WARN_SUSPICIOUS_MOVE = YES;
				CLANG_WARN_UNGUARDED_AVAILABILITY = YES_AGGRESSIVE;
				CLANG_WARN_UNREACHABLE_CODE = YES;
				CLANG_WARN__DUPLICATE_METHOD_MATCH = YES;
				COPY_PHASE_STRIP = NO;
				DEBUG_INFORMATION_FORMAT = "dwarf-with-dsym";
				ENABLE_NS_ASSERTIONS = NO;
				ENABLE_STRICT_OBJC_MSGSEND = YES;
				GCC_C_LANGUAGE_STANDARD = gnu11;
				GCC_NO_COMMON_BLOCKS = YES;
				GCC_WARN_64_TO_32_BIT_CONVERSION = YES;
				GCC_WARN_ABOUT_RETURN_TYPE = YES_ERROR;
				GCC_WARN_UNDECLARED_SELECTOR = YES;
				GCC_WARN_UNINITIALIZED_AUTOS = YES_AGGRESSIVE;
				GCC_WARN_UNUSED_FUNCTION = YES;
				GCC_WARN_UNUSED_VARIABLE = YES;
				IPHONEOS_DEPLOYMENT_TARGET = 15.0;
				MTL_ENABLE_DEBUG_INFO = NO;
				MTL_FAST_MATH = YES;
				SDKROOT = iphoneos;
				SWIFT_COMPILATION_MODE = wholemodule;
				SWIFT_OPTIMIZATION_LEVEL = "-O";
				VALIDATE_PRODUCT = YES;
			};
			name = Release;
		};
		4514972127479086005CEAB2 /* Debug */ = {
			isa = XCBuildConfiguration;
			buildSettings = {
				ASSETCATALOG_COMPILER_APPICON_NAME = AppIcon;
				ASSETCATALOG_COMPILER_GLOBAL_ACCENT_COLOR_NAME = AccentColor;
				CODE_SIGN_STYLE = Automatic;
				CURRENT_PROJECT_VERSION = 1;
				DEVELOPMENT_TEAM = RE4YFXSB23;
				GENERATE_INFOPLIST_FILE = YES;
				INFOPLIST_FILE = UILabelAttributedTextHelper/Info.plist;
				INFOPLIST_KEY_UIApplicationSupportsIndirectInputEvents = YES;
				INFOPLIST_KEY_UILaunchStoryboardName = LaunchScreen;
				INFOPLIST_KEY_UIMainStoryboardFile = Main;
				INFOPLIST_KEY_UISupportedInterfaceOrientations_iPad = "UIInterfaceOrientationPortrait UIInterfaceOrientationPortraitUpsideDown UIInterfaceOrientationLandscapeLeft UIInterfaceOrientationLandscapeRight";
				INFOPLIST_KEY_UISupportedInterfaceOrientations_iPhone = "UIInterfaceOrientationPortrait UIInterfaceOrientationLandscapeLeft UIInterfaceOrientationLandscapeRight";
				LD_RUNPATH_SEARCH_PATHS = (
					"$(inherited)",
					"@executable_path/Frameworks",
				);
				MARKETING_VERSION = 1.0;
				PRODUCT_BUNDLE_IDENTIFIER = com.glennposadas.sample.UILabelAttributedTextHelper;
				PRODUCT_NAME = "$(TARGET_NAME)";
				SWIFT_EMIT_LOC_STRINGS = YES;
				SWIFT_VERSION = 5.0;
				TARGETED_DEVICE_FAMILY = "1,2";
			};
			name = Debug;
		};
		4514972227479086005CEAB2 /* Release */ = {
			isa = XCBuildConfiguration;
			buildSettings = {
				ASSETCATALOG_COMPILER_APPICON_NAME = AppIcon;
				ASSETCATALOG_COMPILER_GLOBAL_ACCENT_COLOR_NAME = AccentColor;
				CODE_SIGN_STYLE = Automatic;
				CURRENT_PROJECT_VERSION = 1;
				DEVELOPMENT_TEAM = RE4YFXSB23;
				GENERATE_INFOPLIST_FILE = YES;
				INFOPLIST_FILE = UILabelAttributedTextHelper/Info.plist;
				INFOPLIST_KEY_UIApplicationSupportsIndirectInputEvents = YES;
				INFOPLIST_KEY_UILaunchStoryboardName = LaunchScreen;
				INFOPLIST_KEY_UIMainStoryboardFile = Main;
				INFOPLIST_KEY_UISupportedInterfaceOrientations_iPad = "UIInterfaceOrientationPortrait UIInterfaceOrientationPortraitUpsideDown UIInterfaceOrientationLandscapeLeft UIInterfaceOrientationLandscapeRight";
				INFOPLIST_KEY_UISupportedInterfaceOrientations_iPhone = "UIInterfaceOrientationPortrait UIInterfaceOrientationLandscapeLeft UIInterfaceOrientationLandscapeRight";
				LD_RUNPATH_SEARCH_PATHS = (
					"$(inherited)",
					"@executable_path/Frameworks",
				);
				MARKETING_VERSION = 1.0;
				PRODUCT_BUNDLE_IDENTIFIER = com.glennposadas.sample.UILabelAttributedTextHelper;
				PRODUCT_NAME = "$(TARGET_NAME)";
				SWIFT_EMIT_LOC_STRINGS = YES;
				SWIFT_VERSION = 5.0;
				TARGETED_DEVICE_FAMILY = "1,2";
			};
			name = Release;
		};
/* End XCBuildConfiguration section */

/* Begin XCConfigurationList section */
		4514970727479085005CEAB2 /* Build configuration list for PBXProject "UILabelAttributedTextHelper" */ = {
			isa = XCConfigurationList;
			buildConfigurations = (
				4514971E27479086005CEAB2 /* Debug */,
				4514971F27479086005CEAB2 /* Release */,
			);
			defaultConfigurationIsVisible = 0;
			defaultConfigurationName = Release;
		};
		4514972027479086005CEAB2 /* Build configuration list for PBXNativeTarget "UILabelAttributedTextHelper" */ = {
			isa = XCConfigurationList;
			buildConfigurations = (
				4514972127479086005CEAB2 /* Debug */,
				4514972227479086005CEAB2 /* Release */,
			);
			defaultConfigurationIsVisible = 0;
			defaultConfigurationName = Release;
		};
/* End XCConfigurationList section */
	};
	rootObject = 4514970427479085005CEAB2 /* Project object */;
}
